
Microsoft Visual Studio Solution File, Format Version 12.00
# Visual Studio 15
VisualStudioVersion = 15.0.28307.1433
MinimumVisualStudioVersion = 10.0.40219.1
Project("{FAE04EC0-301F-11D3-BF4B-00C04F79EFBC}") = "LoginDomain.Classes", "LoginDomain.Classes\LoginDomain.Classes.csproj", "{85F9A82E-D9E4-41B6-A197-FEF47728CA53}"
EndProject
Project("{FAE04EC0-301F-11D3-BF4B-00C04F79EFBC}") = "LoginDomain.DataModel", "LoginDomain.DataModel\LoginDomain.DataModel.csproj", "{BC9DB290-69DA-4DE8-8126-EDFA0E6B112A}"
EndProject
Project("{FAE04EC0-301F-11D3-BF4B-00C04F79EFBC}") = "CodeModelFromDB", "EDMXFromDB\CodeModelFromDB.csproj", "{D84A94AB-BB13-49DF-8EC8-1AC3BB0C0070}"
EndProject
Project("{FAE04EC0-301F-11D3-BF4B-00C04F79EFBC}") = "LoginDemo.Web", "LoginDemo.Web\LoginDemo.Web.csproj", "{686D3277-8EC8-4542-9AB9-BD56173B4C60}"
EndProject
Global
	GlobalSection(SolutionConfigurationPlatforms) = preSolution
		Debug|Any CPU = Debug|Any CPU
		Release|Any CPU = Release|Any CPU
	EndGlobalSection
	GlobalSection(ProjectConfigurationPlatforms) = postSolution
		{85F9A82E-D9E4-41B6-A197-FEF47728CA53}.Debug|Any CPU.ActiveCfg = Debug|Any CPU
		{85F9A82E-D9E4-41B6-A197-FEF47728CA53}.Debug|Any CPU.Build.0 = Debug|Any CPU
		{85F9A82E-D9E4-41B6-A197-FEF47728CA53}.Release|Any CPU.ActiveCfg = Release|Any CPU
		{85F9A82E-D9E4-41B6-A197-FEF47728CA53}.Release|Any CPU.Build.0 = Release|Any CPU
		{BC9DB290-69DA-4DE8-8126-EDFA0E6B112A}.Debug|Any CPU.ActiveCfg = Debug|Any CPU
		{BC9DB290-69DA-4DE8-8126-EDFA0E6B112A}.Debug|Any CPU.Build.0 = Debug|Any CPU
		{BC9DB290-69DA-4DE8-8126-EDFA0E6B112A}.Release|Any CPU.ActiveCfg = Release|Any CPU
		{BC9DB290-69DA-4DE8-8126-EDFA0E6B112A}.Release|Any CPU.Build.0 = Release|Any CPU
		{D84A94AB-BB13-49DF-8EC8-1AC3BB0C0070}.Debug|Any CPU.ActiveCfg = Debug|Any CPU
		{D84A94AB-BB13-49DF-8EC8-1AC3BB0C0070}.Debug|Any CPU.Build.0 = Debug|Any CPU
		{D84A94AB-BB13-49DF-8EC8-1AC3BB0C0070}.Release|Any CPU.ActiveCfg = Release|Any CPU
		{D84A94AB-BB13-49DF-8EC8-1AC3BB0C0070}.Release|Any CPU.Build.0 = Release|Any CPU
		{686D3277-8EC8-4542-9AB9-BD56173B4C60}.Debug|Any CPU.ActiveCfg = Debug|Any CPU
		{686D3277-8EC8-4542-9AB9-BD56173B4C60}.Debug|Any CPU.Build.0 = Debug|Any CPU
		{686D3277-8EC8-4542-9AB9-BD56173B4C60}.Release|Any CPU.ActiveCfg = Release|Any CPU
		{686D3277-8EC8-4542-9AB9-BD56173B4C60}.Release|Any CPU.Build.0 = Release|Any CPU
	EndGlobalSection
	GlobalSection(SolutionProperties) = preSolution
		HideSolutionNode = FALSE
	EndGlobalSection
	GlobalSection(ExtensibilityGlobals) = postSolution
		SolutionGuid = {5FD1822B-0921-408D-ABFC-FB046E2D6D88}
	EndGlobalSection
EndGlobal
